
Microsoft Visual Studio Solution File, Format Version 12.00
# Visual Studio Version 17
VisualStudioVersion = 17.5.002.0
MinimumVisualStudioVersion = 10.0.40219.1
Project("{9A19103F-16F7-4668-BE54-9A1E7A4F7556}") = "StateNameServer", "StateNameServer.csproj", "{6B3DCED3-460F-4F03-8CE3-296A1BC56039}"
EndProject
Global
	GlobalSection(SolutionConfigurationPlatforms) = preSolution
		Debug|Any CPU = Debug|Any CPU
		Release|Any CPU = Release|Any CPU
	EndGlobalSection
	GlobalSection(ProjectConfigurationPlatforms) = postSolution
		{6B3DCED3-460F-4F03-8CE3-296A1BC56039}.Debug|Any CPU.ActiveCfg = Debug|Any CPU
		{6B3DCED3-460F-4F03-8CE3-296A1BC56039}.Debug|Any CPU.Build.0 = Debug|Any CPU
		{6B3DCED3-460F-4F03-8CE3-296A1BC56039}.Release|Any CPU.ActiveCfg = Release|Any CPU
		{6B3DCED3-460F-4F03-8CE3-296A1BC56039}.Release|Any CPU.Build.0 = Release|Any CPU
	EndGlobalSection
	GlobalSection(SolutionProperties) = preSolution
		HideSolutionNode = FALSE
	EndGlobalSection
	GlobalSection(ExtensibilityGlobals) = postSolution
		SolutionGuid = {A90B9D1D-7466-452F-9F5F-AA2BDC0E72E5}
	EndGlobalSection
EndGlobal
